// !$*UTF8*$!
{
	archiveVersion = 1;
	classes = {
	};
	objectVersion = 46;
	objects = {

/* Begin PBXBuildFile section */
		3F0D64651C2E505D001E46D4 /* file.txt in Resources */ = {isa = PBXBuildFile; fileRef = 3F0D64641C2E505D001E46D4 /* file.txt */; };
		3F0D646B1C2FEAEC001E46D4 /* icon.png in Resources */ = {isa = PBXBuildFile; fileRef = 3F0D646A1C2FEAEB001E46D4 /* icon.png */; };
		3FD5DC881C2CFE6C000B38EC /* main.m in Sources */ = {isa = PBXBuildFile; fileRef = 3FD5DC871C2CFE6C000B38EC /* main.m */; };
		3FD5DC8B1C2CFE6C000B38EC /* AppDelegate.m in Sources */ = {isa = PBXBuildFile; fileRef = 3FD5DC8A1C2CFE6C000B38EC /* AppDelegate.m */; };
		3FD5DC8E1C2CFE6C000B38EC /* ViewController.mm in Sources */ = {isa = PBXBuildFile; fileRef = 3FD5DC8D1C2CFE6C000B38EC /* ViewController.mm */; };
		3FD5DC911C2CFE6C000B38EC /* Main.storyboard in Resources */ = {isa = PBXBuildFile; fileRef = 3FD5DC8F1C2CFE6C000B38EC /* Main.storyboard */; };
		3FD5DC931C2CFE6C000B38EC /* Assets.xcassets in Resources */ = {isa = PBXBuildFile; fileRef = 3FD5DC921C2CFE6C000B38EC /* Assets.xcassets */; };
		3FD5DC961C2CFE6C000B38EC /* LaunchScreen.storyboard in Resources */ = {isa = PBXBuildFile; fileRef = 3FD5DC941C2CFE6C000B38EC /* LaunchScreen.storyboard */; };
		3FD5DCA11C2CFE6C000B38EC /* iSeenTests.m in Sources */ = {isa = PBXBuildFile; fileRef = 3FD5DCA01C2CFE6C000B38EC /* iSeenTests.m */; };
		3FD5DCAC1C2CFE6D000B38EC /* iSeenUITests.m in Sources */ = {isa = PBXBuildFile; fileRef = 3FD5DCAB1C2CFE6D000B38EC /* iSeenUITests.m */; };
		3FD5DCBC1C2D0091000B38EC /* VideoSource.mm in Sources */ = {isa = PBXBuildFile; fileRef = 3FD5DCBA1C2D0091000B38EC /* VideoSource.mm */; };
		3FD5DCBF1C2D2E37000B38EC /* UIKit.framework in Frameworks */ = {isa = PBXBuildFile; fileRef = 3FD5DCBE1C2D2E37000B38EC /* UIKit.framework */; };
		3FD5DCC11C2D2E3F000B38EC /* Foundation.framework in Frameworks */ = {isa = PBXBuildFile; fileRef = 3FD5DCC01C2D2E3F000B38EC /* Foundation.framework */; };
		3FD5DCC31C2D2E4D000B38EC /* CoreGraphics.framework in Frameworks */ = {isa = PBXBuildFile; fileRef = 3FD5DCC21C2D2E4D000B38EC /* CoreGraphics.framework */; };
		3FD5DCC51C2D2E6E000B38EC /* AVFoundation.framework in Frameworks */ = {isa = PBXBuildFile; fileRef = 3FD5DCC41C2D2E6E000B38EC /* AVFoundation.framework */; };
		3FD5DCC71C2D2EAB000B38EC /* CoreMedia.framework in Frameworks */ = {isa = PBXBuildFile; fileRef = 3FD5DCC61C2D2EAB000B38EC /* CoreMedia.framework */; };
/* End PBXBuildFile section */

/* Begin PBXContainerItemProxy section */
		3FD5DC9D1C2CFE6C000B38EC /* PBXContainerItemProxy */ = {
			isa = PBXContainerItemProxy;
			containerPortal = 3FD5DC7B1C2CFE6C000B38EC /* Project object */;
			proxyType = 1;
			remoteGlobalIDString = 3FD5DC821C2CFE6C000B38EC;
			remoteInfo = iScene;
		};
		3FD5DCA81C2CFE6D000B38EC /* PBXContainerItemProxy */ = {
			isa = PBXContainerItemProxy;
			containerPortal = 3FD5DC7B1C2CFE6C000B38EC /* Project object */;
			proxyType = 1;
			remoteGlobalIDString = 3FD5DC821C2CFE6C000B38EC;
			remoteInfo = iScene;
		};
/* End PBXContainerItemProxy section */

/* Begin PBXFileReference section */
		3F0D64641C2E505D001E46D4 /* file.txt */ = {isa = PBXFileReference; fileEncoding = 4; lastKnownFileType = text; path = file.txt; sourceTree = "<group>"; };
		3F0D646A1C2FEAEB001E46D4 /* icon.png */ = {isa = PBXFileReference; lastKnownFileType = image.png; path = icon.png; sourceTree = SOURCE_ROOT; };
		3F1A9F9B1C2D413D00F42076 /* iScene-Prefix.pch */ = {isa = PBXFileReference; lastKnownFileType = sourcecode.c.h; lineEnding = 0; path = "iScene-Prefix.pch"; sourceTree = "<group>"; xcLanguageSpecificationIdentifier = xcode.lang.objc; };
		3FD5DC831C2CFE6C000B38EC /* iSeen.app */ = {isa = PBXFileReference; explicitFileType = wrapper.application; includeInIndex = 0; path = iSeen.app; sourceTree = BUILT_PRODUCTS_DIR; };
		3FD5DC871C2CFE6C000B38EC /* main.m */ = {isa = PBXFileReference; lastKnownFileType = sourcecode.c.objc; lineEnding = 0; path = main.m; sourceTree = "<group>"; xcLanguageSpecificationIdentifier = xcode.lang.objc; };
		3FD5DC891C2CFE6C000B38EC /* AppDelegate.h */ = {isa = PBXFileReference; lastKnownFileType = sourcecode.c.h; lineEnding = 0; path = AppDelegate.h; sourceTree = "<group>"; xcLanguageSpecificationIdentifier = xcode.lang.objcpp; };
		3FD5DC8A1C2CFE6C000B38EC /* AppDelegate.m */ = {isa = PBXFileReference; lastKnownFileType = sourcecode.c.objc; lineEnding = 0; path = AppDelegate.m; sourceTree = "<group>"; xcLanguageSpecificationIdentifier = xcode.lang.objc; };
		3FD5DC8C1C2CFE6C000B38EC /* ViewController.h */ = {isa = PBXFileReference; lastKnownFileType = sourcecode.c.h; lineEnding = 0; path = ViewController.h; sourceTree = "<group>"; xcLanguageSpecificationIdentifier = xcode.lang.objcpp; };
		3FD5DC8D1C2CFE6C000B38EC /* ViewController.mm */ = {isa = PBXFileReference; lastKnownFileType = sourcecode.cpp.objcpp; lineEnding = 0; path = ViewController.mm; sourceTree = "<group>"; xcLanguageSpecificationIdentifier = xcode.lang.objcpp; };
		3FD5DC901C2CFE6C000B38EC /* Base */ = {isa = PBXFileReference; lastKnownFileType = file.storyboard; name = Base; path = Base.lproj/Main.storyboard; sourceTree = "<group>"; };
		3FD5DC921C2CFE6C000B38EC /* Assets.xcassets */ = {isa = PBXFileReference; lastKnownFileType = folder.assetcatalog; path = Assets.xcassets; sourceTree = "<group>"; };
		3FD5DC951C2CFE6C000B38EC /* Base */ = {isa = PBXFileReference; lastKnownFileType = file.storyboard; name = Base; path = Base.lproj/LaunchScreen.storyboard; sourceTree = "<group>"; };
		3FD5DC971C2CFE6C000B38EC /* Info.plist */ = {isa = PBXFileReference; lastKnownFileType = text.plist.xml; path = Info.plist; sourceTree = "<group>"; };
		3FD5DC9C1C2CFE6C000B38EC /* iSeen.xctest */ = {isa = PBXFileReference; explicitFileType = wrapper.cfbundle; includeInIndex = 0; path = iSeen.xctest; sourceTree = BUILT_PRODUCTS_DIR; };
		3FD5DCA01C2CFE6C000B38EC /* iSeenTests.m */ = {isa = PBXFileReference; lastKnownFileType = sourcecode.c.objc; path = iSeenTests.m; sourceTree = "<group>"; };
		3FD5DCA21C2CFE6C000B38EC /* Info.plist */ = {isa = PBXFileReference; lastKnownFileType = text.plist.xml; path = Info.plist; sourceTree = "<group>"; };
		3FD5DCA71C2CFE6D000B38EC /* iSeen.xctest */ = {isa = PBXFileReference; explicitFileType = wrapper.cfbundle; includeInIndex = 0; path = iSeen.xctest; sourceTree = BUILT_PRODUCTS_DIR; };
		3FD5DCAB1C2CFE6D000B38EC /* iSeenUITests.m */ = {isa = PBXFileReference; lastKnownFileType = sourcecode.c.objc; path = iSeenUITests.m; sourceTree = "<group>"; };
		3FD5DCAD1C2CFE6D000B38EC /* Info.plist */ = {isa = PBXFileReference; lastKnownFileType = text.plist.xml; path = Info.plist; sourceTree = "<group>"; };
		3FD5DCB91C2D0091000B38EC /* VideoSource.h */ = {isa = PBXFileReference; fileEncoding = 4; lastKnownFileType = sourcecode.c.h; lineEnding = 0; name = VideoSource.h; path = iSeen/VideoSource.h; sourceTree = SOURCE_ROOT; xcLanguageSpecificationIdentifier = xcode.lang.objcpp; };
		3FD5DCBA1C2D0091000B38EC /* VideoSource.mm */ = {isa = PBXFileReference; fileEncoding = 4; lastKnownFileType = sourcecode.cpp.objcpp; lineEnding = 0; path = VideoSource.mm; sourceTree = "<group>"; xcLanguageSpecificationIdentifier = xcode.lang.objcpp; };
		3FD5DCBD1C2D27E2000B38EC /* VideoFrame.h */ = {isa = PBXFileReference; lastKnownFileType = sourcecode.c.h; lineEnding = 0; path = VideoFrame.h; sourceTree = "<group>"; xcLanguageSpecificationIdentifier = xcode.lang.objcpp; };
		3FD5DCBE1C2D2E37000B38EC /* UIKit.framework */ = {isa = PBXFileReference; lastKnownFileType = wrapper.framework; name = UIKit.framework; path = System/Library/Frameworks/UIKit.framework; sourceTree = SDKROOT; };
		3FD5DCC01C2D2E3F000B38EC /* Foundation.framework */ = {isa = PBXFileReference; lastKnownFileType = wrapper.framework; name = Foundation.framework; path = System/Library/Frameworks/Foundation.framework; sourceTree = SDKROOT; };
		3FD5DCC21C2D2E4D000B38EC /* CoreGraphics.framework */ = {isa = PBXFileReference; lastKnownFileType = wrapper.framework; name = CoreGraphics.framework; path = System/Library/Frameworks/CoreGraphics.framework; sourceTree = SDKROOT; };
		3FD5DCC41C2D2E6E000B38EC /* AVFoundation.framework */ = {isa = PBXFileReference; lastKnownFileType = wrapper.framework; name = AVFoundation.framework; path = System/Library/Frameworks/AVFoundation.framework; sourceTree = SDKROOT; };
		3FD5DCC61C2D2EAB000B38EC /* CoreMedia.framework */ = {isa = PBXFileReference; lastKnownFileType = wrapper.framework; name = CoreMedia.framework; path = System/Library/Frameworks/CoreMedia.framework; sourceTree = SDKROOT; };
/* End PBXFileReference section */

/* Begin PBXFrameworksBuildPhase section */
		3FD5DC801C2CFE6C000B38EC /* Frameworks */ = {
			isa = PBXFrameworksBuildPhase;
			buildActionMask = 2147483647;
			files = (
				3FD5DCC71C2D2EAB000B38EC /* CoreMedia.framework in Frameworks */,
				3FD5DCC51C2D2E6E000B38EC /* AVFoundation.framework in Frameworks */,
				3FD5DCC31C2D2E4D000B38EC /* CoreGraphics.framework in Frameworks */,
				3FD5DCC11C2D2E3F000B38EC /* Foundation.framework in Frameworks */,
				3FD5DCBF1C2D2E37000B38EC /* UIKit.framework in Frameworks */,
			);
			runOnlyForDeploymentPostprocessing = 0;
		};
		3FD5DC991C2CFE6C000B38EC /* Frameworks */ = {
			isa = PBXFrameworksBuildPhase;
			buildActionMask = 2147483647;
			files = (
			);
			runOnlyForDeploymentPostprocessing = 0;
		};
		3FD5DCA41C2CFE6D000B38EC /* Frameworks */ = {
			isa = PBXFrameworksBuildPhase;
			buildActionMask = 2147483647;
			files = (
			);
			runOnlyForDeploymentPostprocessing = 0;
		};
/* End PBXFrameworksBuildPhase section */

/* Begin PBXGroup section */
		3FD5DC7A1C2CFE6C000B38EC = {
			isa = PBXGroup;
			children = (
				3FD5DCC61C2D2EAB000B38EC /* CoreMedia.framework */,
				3FD5DCC41C2D2E6E000B38EC /* AVFoundation.framework */,
				3FD5DCC21C2D2E4D000B38EC /* CoreGraphics.framework */,
				3FD5DCC01C2D2E3F000B38EC /* Foundation.framework */,
				3FD5DCBE1C2D2E37000B38EC /* UIKit.framework */,
				3FD5DC851C2CFE6C000B38EC /* iSeen */,
				3FD5DC9F1C2CFE6C000B38EC /* iSeenTests */,
				3FD5DCAA1C2CFE6D000B38EC /* iSeenUITests */,
				3FD5DC841C2CFE6C000B38EC /* Products */,
			);
			sourceTree = "<group>";
		};
		3FD5DC841C2CFE6C000B38EC /* Products */ = {
			isa = PBXGroup;
			children = (
				3FD5DC831C2CFE6C000B38EC /* iSeen.app */,
				3FD5DC9C1C2CFE6C000B38EC /* iSeen.xctest */,
				3FD5DCA71C2CFE6D000B38EC /* iSeen.xctest */,
			);
			name = Products;
			sourceTree = "<group>";
		};
		3FD5DC851C2CFE6C000B38EC /* iSeen */ = {
			isa = PBXGroup;
			children = (
				3FD5DCB91C2D0091000B38EC /* VideoSource.h */,
				3FD5DCBA1C2D0091000B38EC /* VideoSource.mm */,
				3FD5DCBD1C2D27E2000B38EC /* VideoFrame.h */,
				3FD5DC891C2CFE6C000B38EC /* AppDelegate.h */,
				3FD5DC8A1C2CFE6C000B38EC /* AppDelegate.m */,
				3FD5DC8C1C2CFE6C000B38EC /* ViewController.h */,
				3FD5DC8D1C2CFE6C000B38EC /* ViewController.mm */,
				3FD5DC8F1C2CFE6C000B38EC /* Main.storyboard */,
				3FD5DC921C2CFE6C000B38EC /* Assets.xcassets */,
				3FD5DC941C2CFE6C000B38EC /* LaunchScreen.storyboard */,
				3FD5DC971C2CFE6C000B38EC /* Info.plist */,
				3F0D64641C2E505D001E46D4 /* file.txt */,
				3F0D646A1C2FEAEB001E46D4 /* icon.png */,
				3FD5DC861C2CFE6C000B38EC /* Supporting Files */,
			);
			path = iSeen;
			sourceTree = "<group>";
		};
		3FD5DC861C2CFE6C000B38EC /* Supporting Files */ = {
			isa = PBXGroup;
			children = (
				3FD5DC871C2CFE6C000B38EC /* main.m */,
				3F1A9F9B1C2D413D00F42076 /* iScene-Prefix.pch */,
			);
			name = "Supporting Files";
			sourceTree = "<group>";
		};
		3FD5DC9F1C2CFE6C000B38EC /* iSeenTests */ = {
			isa = PBXGroup;
			children = (
				3FD5DCA01C2CFE6C000B38EC /* iSeenTests.m */,
				3FD5DCA21C2CFE6C000B38EC /* Info.plist */,
			);
			path = iSeenTests;
			sourceTree = "<group>";
		};
		3FD5DCAA1C2CFE6D000B38EC /* iSeenUITests */ = {
			isa = PBXGroup;
			children = (
				3FD5DCAB1C2CFE6D000B38EC /* iSeenUITests.m */,
				3FD5DCAD1C2CFE6D000B38EC /* Info.plist */,
			);
			path = iSeenUITests;
			sourceTree = "<group>";
		};
/* End PBXGroup section */

/* Begin PBXNativeTarget section */
		3FD5DC821C2CFE6C000B38EC /* iSeen */ = {
			isa = PBXNativeTarget;
			buildConfigurationList = 3FD5DCB01C2CFE6D000B38EC /* Build configuration list for PBXNativeTarget "iSeen" */;
			buildPhases = (
				3FD5DC7F1C2CFE6C000B38EC /* Sources */,
				3FD5DC801C2CFE6C000B38EC /* Frameworks */,
				3FD5DC811C2CFE6C000B38EC /* Resources */,
			);
			buildRules = (
			);
			dependencies = (
			);
			name = iSeen;
			productName = iScene;
			productReference = 3FD5DC831C2CFE6C000B38EC /* iSeen.app */;
			productType = "com.apple.product-type.application";
		};
		3FD5DC9B1C2CFE6C000B38EC /* iSeenTests */ = {
			isa = PBXNativeTarget;
			buildConfigurationList = 3FD5DCB31C2CFE6D000B38EC /* Build configuration list for PBXNativeTarget "iSeenTests" */;
			buildPhases = (
				3FD5DC981C2CFE6C000B38EC /* Sources */,
				3FD5DC991C2CFE6C000B38EC /* Frameworks */,
				3FD5DC9A1C2CFE6C000B38EC /* Resources */,
			);
			buildRules = (
			);
			dependencies = (
				3FD5DC9E1C2CFE6C000B38EC /* PBXTargetDependency */,
			);
			name = iSeenTests;
			productName = iSceneTests;
			productReference = 3FD5DC9C1C2CFE6C000B38EC /* iSeen.xctest */;
			productType = "com.apple.product-type.bundle.unit-test";
		};
		3FD5DCA61C2CFE6D000B38EC /* iSeenUITests */ = {
			isa = PBXNativeTarget;
			buildConfigurationList = 3FD5DCB61C2CFE6D000B38EC /* Build configuration list for PBXNativeTarget "iSeenUITests" */;
			buildPhases = (
				3FD5DCA31C2CFE6D000B38EC /* Sources */,
				3FD5DCA41C2CFE6D000B38EC /* Frameworks */,
				3FD5DCA51C2CFE6D000B38EC /* Resources */,
			);
			buildRules = (
			);
			dependencies = (
				3FD5DCA91C2CFE6D000B38EC /* PBXTargetDependency */,
			);
			name = iSeenUITests;
			productName = iSceneUITests;
			productReference = 3FD5DCA71C2CFE6D000B38EC /* iSeen.xctest */;
			productType = "com.apple.product-type.bundle.ui-testing";
		};
/* End PBXNativeTarget section */

/* Begin PBXProject section */
		3FD5DC7B1C2CFE6C000B38EC /* Project object */ = {
			isa = PBXProject;
			attributes = {
				LastUpgradeCheck = 0720;
				ORGANIZATIONNAME = Evan;
				TargetAttributes = {
					3FD5DC821C2CFE6C000B38EC = {
						CreatedOnToolsVersion = 7.2;
						DevelopmentTeam = 2E9U482E7T;
					};
					3FD5DC9B1C2CFE6C000B38EC = {
						CreatedOnToolsVersion = 7.2;
						DevelopmentTeam = 2E9U482E7T;
						TestTargetID = 3FD5DC821C2CFE6C000B38EC;
					};
					3FD5DCA61C2CFE6D000B38EC = {
						CreatedOnToolsVersion = 7.2;
						DevelopmentTeam = 2E9U482E7T;
						TestTargetID = 3FD5DC821C2CFE6C000B38EC;
					};
				};
			};
			buildConfigurationList = 3FD5DC7E1C2CFE6C000B38EC /* Build configuration list for PBXProject "iSeen" */;
			compatibilityVersion = "Xcode 3.2";
			developmentRegion = English;
			hasScannedForEncodings = 0;
			knownRegions = (
				en,
				Base,
			);
			mainGroup = 3FD5DC7A1C2CFE6C000B38EC;
			productRefGroup = 3FD5DC841C2CFE6C000B38EC /* Products */;
			projectDirPath = "";
			projectRoot = "";
			targets = (
				3FD5DC821C2CFE6C000B38EC /* iSeen */,
				3FD5DC9B1C2CFE6C000B38EC /* iSeenTests */,
				3FD5DCA61C2CFE6D000B38EC /* iSeenUITests */,
			);
		};
/* End PBXProject section */

/* Begin PBXResourcesBuildPhase section */
		3FD5DC811C2CFE6C000B38EC /* Resources */ = {
			isa = PBXResourcesBuildPhase;
			buildActionMask = 2147483647;
			files = (
				3F0D646B1C2FEAEC001E46D4 /* icon.png in Resources */,
				3FD5DC961C2CFE6C000B38EC /* LaunchScreen.storyboard in Resources */,
				3FD5DC931C2CFE6C000B38EC /* Assets.xcassets in Resources */,
				3FD5DC911C2CFE6C000B38EC /* Main.storyboard in Resources */,
				3F0D64651C2E505D001E46D4 /* file.txt in Resources */,
			);
			runOnlyForDeploymentPostprocessing = 0;
		};
		3FD5DC9A1C2CFE6C000B38EC /* Resources */ = {
			isa = PBXResourcesBuildPhase;
			buildActionMask = 2147483647;
			files = (
			);
			runOnlyForDeploymentPostprocessing = 0;
		};
		3FD5DCA51C2CFE6D000B38EC /* Resources */ = {
			isa = PBXResourcesBuildPhase;
			buildActionMask = 2147483647;
			files = (
			);
			runOnlyForDeploymentPostprocessing = 0;
		};
/* End PBXResourcesBuildPhase section */

/* Begin PBXSourcesBuildPhase section */
		3FD5DC7F1C2CFE6C000B38EC /* Sources */ = {
			isa = PBXSourcesBuildPhase;
			buildActionMask = 2147483647;
			files = (
				3FD5DC8E1C2CFE6C000B38EC /* ViewController.mm in Sources */,
				3FD5DC8B1C2CFE6C000B38EC /* AppDelegate.m in Sources */,
				3FD5DCBC1C2D0091000B38EC /* VideoSource.mm in Sources */,
				3FD5DC881C2CFE6C000B38EC /* main.m in Sources */,
			);
			runOnlyForDeploymentPostprocessing = 0;
		};
		3FD5DC981C2CFE6C000B38EC /* Sources */ = {
			isa = PBXSourcesBuildPhase;
			buildActionMask = 2147483647;
			files = (
				3FD5DCA11C2CFE6C000B38EC /* iSeenTests.m in Sources */,
			);
			runOnlyForDeploymentPostprocessing = 0;
		};
		3FD5DCA31C2CFE6D000B38EC /* Sources */ = {
			isa = PBXSourcesBuildPhase;
			buildActionMask = 2147483647;
			files = (
				3FD5DCAC1C2CFE6D000B38EC /* iSeenUITests.m in Sources */,
			);
			runOnlyForDeploymentPostprocessing = 0;
		};
/* End PBXSourcesBuildPhase section */

/* Begin PBXTargetDependency section */
		3FD5DC9E1C2CFE6C000B38EC /* PBXTargetDependency */ = {
			isa = PBXTargetDependency;
			target = 3FD5DC821C2CFE6C000B38EC /* iSeen */;
			targetProxy = 3FD5DC9D1C2CFE6C000B38EC /* PBXContainerItemProxy */;
		};
		3FD5DCA91C2CFE6D000B38EC /* PBXTargetDependency */ = {
			isa = PBXTargetDependency;
			target = 3FD5DC821C2CFE6C000B38EC /* iSeen */;
			targetProxy = 3FD5DCA81C2CFE6D000B38EC /* PBXContainerItemProxy */;
		};
/* End PBXTargetDependency section */

/* Begin PBXVariantGroup section */
		3FD5DC8F1C2CFE6C000B38EC /* Main.storyboard */ = {
			isa = PBXVariantGroup;
			children = (
				3FD5DC901C2CFE6C000B38EC /* Base */,
			);
			name = Main.storyboard;
			sourceTree = "<group>";
		};
		3FD5DC941C2CFE6C000B38EC /* LaunchScreen.storyboard */ = {
			isa = PBXVariantGroup;
			children = (
				3FD5DC951C2CFE6C000B38EC /* Base */,
			);
			name = LaunchScreen.storyboard;
			sourceTree = "<group>";
		};
/* End PBXVariantGroup section */

/* Begin XCBuildConfiguration section */
		3FD5DCAE1C2CFE6D000B38EC /* Debug */ = {
			isa = XCBuildConfiguration;
			buildSettings = {
				ALWAYS_SEARCH_USER_PATHS = NO;
				CLANG_CXX_LANGUAGE_STANDARD = "gnu++0x";
				CLANG_CXX_LIBRARY = "libc++";
				CLANG_ENABLE_MODULES = YES;
				CLANG_ENABLE_OBJC_ARC = YES;
				CLANG_WARN_BOOL_CONVERSION = YES;
				CLANG_WARN_CONSTANT_CONVERSION = YES;
				CLANG_WARN_DIRECT_OBJC_ISA_USAGE = YES_ERROR;
				CLANG_WARN_EMPTY_BODY = YES;
				CLANG_WARN_ENUM_CONVERSION = YES;
				CLANG_WARN_INT_CONVERSION = YES;
				CLANG_WARN_OBJC_ROOT_CLASS = YES_ERROR;
				CLANG_WARN_UNREACHABLE_CODE = YES;
				CLANG_WARN__DUPLICATE_METHOD_MATCH = YES;
				"CODE_SIGN_IDENTITY[sdk=iphoneos*]" = "iPhone Developer";
				COPY_PHASE_STRIP = NO;
				DEBUG_INFORMATION_FORMAT = dwarf;
				ENABLE_STRICT_OBJC_MSGSEND = YES;
				ENABLE_TESTABILITY = YES;
				GCC_C_LANGUAGE_STANDARD = gnu99;
				GCC_DYNAMIC_NO_PIC = NO;
				GCC_NO_COMMON_BLOCKS = YES;
				GCC_OPTIMIZATION_LEVEL = 0;
				GCC_PREPROCESSOR_DEFINITIONS = (
					"DEBUG=1",
					"$(inherited)",
				);
				GCC_WARN_64_TO_32_BIT_CONVERSION = YES;
				GCC_WARN_ABOUT_RETURN_TYPE = YES_ERROR;
				GCC_WARN_UNDECLARED_SELECTOR = YES;
				GCC_WARN_UNINITIALIZED_AUTOS = YES_AGGRESSIVE;
				GCC_WARN_UNUSED_FUNCTION = YES;
				GCC_WARN_UNUSED_VARIABLE = YES;
				IPHONEOS_DEPLOYMENT_TARGET = 9.2;
				MTL_ENABLE_DEBUG_INFO = YES;
				ONLY_ACTIVE_ARCH = YES;
				SDKROOT = iphoneos;
			};
			name = Debug;
		};
		3FD5DCAF1C2CFE6D000B38EC /* Release */ = {
			isa = XCBuildConfiguration;
			buildSettings = {
				ALWAYS_SEARCH_USER_PATHS = NO;
				CLANG_CXX_LANGUAGE_STANDARD = "gnu++0x";
				CLANG_CXX_LIBRARY = "libc++";
				CLANG_ENABLE_MODULES = YES;
				CLANG_ENABLE_OBJC_ARC = YES;
				CLANG_WARN_BOOL_CONVERSION = YES;
				CLANG_WARN_CONSTANT_CONVERSION = YES;
				CLANG_WARN_DIRECT_OBJC_ISA_USAGE = YES_ERROR;
				CLANG_WARN_EMPTY_BODY = YES;
				CLANG_WARN_ENUM_CONVERSION = YES;
				CLANG_WARN_INT_CONVERSION = YES;
				CLANG_WARN_OBJC_ROOT_CLASS = YES_ERROR;
				CLANG_WARN_UNREACHABLE_CODE = YES;
				CLANG_WARN__DUPLICATE_METHOD_MATCH = YES;
				"CODE_SIGN_IDENTITY[sdk=iphoneos*]" = "iPhone Developer";
				COPY_PHASE_STRIP = NO;
				DEBUG_INFORMATION_FORMAT = "dwarf-with-dsym";
				ENABLE_NS_ASSERTIONS = NO;
				ENABLE_STRICT_OBJC_MSGSEND = YES;
				GCC_C_LANGUAGE_STANDARD = gnu99;
				GCC_NO_COMMON_BLOCKS = YES;
				GCC_WARN_64_TO_32_BIT_CONVERSION = YES;
				GCC_WARN_ABOUT_RETURN_TYPE = YES_ERROR;
				GCC_WARN_UNDECLARED_SELECTOR = YES;
				GCC_WARN_UNINITIALIZED_AUTOS = YES_AGGRESSIVE;
				GCC_WARN_UNUSED_FUNCTION = YES;
				GCC_WARN_UNUSED_VARIABLE = YES;
				IPHONEOS_DEPLOYMENT_TARGET = 9.2;
				MTL_ENABLE_DEBUG_INFO = NO;
				SDKROOT = iphoneos;
				VALIDATE_PRODUCT = YES;
			};
			name = Release;
		};
		3FD5DCB11C2CFE6D000B38EC /* Debug */ = {
			isa = XCBuildConfiguration;
			buildSettings = {
				ASSETCATALOG_COMPILER_APPICON_NAME = AppIcon;
				CODE_SIGN_IDENTITY = "iPhone Developer";
				"CODE_SIGN_IDENTITY[sdk=iphoneos*]" = "iPhone Developer";
				INFOPLIST_FILE = iSeen/Info.plist;
				IPHONEOS_DEPLOYMENT_TARGET = 8.1;
				LD_RUNPATH_SEARCH_PATHS = "$(inherited) @executable_path/Frameworks";
				PRODUCT_BUNDLE_IDENTIFIER = Evan.iSeen;
				PRODUCT_NAME = iSeen;
				PROVISIONING_PROFILE = "";
				TARGETED_DEVICE_FAMILY = 1;
			};
			name = Debug;
		};
		3FD5DCB21C2CFE6D000B38EC /* Release */ = {
			isa = XCBuildConfiguration;
			buildSettings = {
				ASSETCATALOG_COMPILER_APPICON_NAME = AppIcon;
				CODE_SIGN_IDENTITY = "iPhone Developer";
				"CODE_SIGN_IDENTITY[sdk=iphoneos*]" = "iPhone Developer";
				INFOPLIST_FILE = iSeen/Info.plist;
				IPHONEOS_DEPLOYMENT_TARGET = 8.1;
				LD_RUNPATH_SEARCH_PATHS = "$(inherited) @executable_path/Frameworks";
				PRODUCT_BUNDLE_IDENTIFIER = Evan.iSeen;
				PRODUCT_NAME = iSeen;
				PROVISIONING_PROFILE = "";
				TARGETED_DEVICE_FAMILY = 1;
			};
			name = Release;
		};
		3FD5DCB41C2CFE6D000B38EC /* Debug */ = {
			isa = XCBuildConfiguration;
			buildSettings = {
				BUNDLE_LOADER = "$(TEST_HOST)";
				INFOPLIST_FILE = iSceneTests/Info.plist;
				LD_RUNPATH_SEARCH_PATHS = "$(inherited) @executable_path/Frameworks @loader_path/Frameworks";
				PRODUCT_BUNDLE_IDENTIFIER = Evan.iSceneTests;
				PRODUCT_NAME = iSeen;
				TEST_HOST = "$(BUILT_PRODUCTS_DIR)/iSeen.app/iSeen";
			};
			name = Debug;
		};
		3FD5DCB51C2CFE6D000B38EC /* Release */ = {
			isa = XCBuildConfiguration;
			buildSettings = {
				BUNDLE_LOADER = "$(TEST_HOST)";
				INFOPLIST_FILE = iSceneTests/Info.plist;
				LD_RUNPATH_SEARCH_PATHS = "$(inherited) @executable_path/Frameworks @loader_path/Frameworks";
				PRODUCT_BUNDLE_IDENTIFIER = Evan.iSceneTests;
				PRODUCT_NAME = iSeen;
				TEST_HOST = "$(BUILT_PRODUCTS_DIR)/iSeen.app/iSeen";
			};
			name = Release;
		};
		3FD5DCB71C2CFE6D000B38EC /* Debug */ = {
			isa = XCBuildConfiguration;
			buildSettings = {
				INFOPLIST_FILE = iSceneUITests/Info.plist;
				LD_RUNPATH_SEARCH_PATHS = "$(inherited) @executable_path/Frameworks @loader_path/Frameworks";
				PRODUCT_BUNDLE_IDENTIFIER = Evan.iSceneUITests;
				PRODUCT_NAME = iSeen;
				TEST_TARGET_NAME = iScene;
				USES_XCTRUNNER = YES;
			};
			name = Debug;
		};
		3FD5DCB81C2CFE6D000B38EC /* Release */ = {
			isa = XCBuildConfiguration;
			buildSettings = {
				INFOPLIST_FILE = iSceneUITests/Info.plist;
				LD_RUNPATH_SEARCH_PATHS = "$(inherited) @executable_path/Frameworks @loader_path/Frameworks";
				PRODUCT_BUNDLE_IDENTIFIER = Evan.iSceneUITests;
				PRODUCT_NAME = iSeen;
				TEST_TARGET_NAME = iScene;
				USES_XCTRUNNER = YES;
			};
			name = Release;
		};
/* End XCBuildConfiguration section */

/* Begin XCConfigurationList section */
		3FD5DC7E1C2CFE6C000B38EC /* Build configuration list for PBXProject "iSeen" */ = {
			isa = XCConfigurationList;
			buildConfigurations = (
				3FD5DCAE1C2CFE6D000B38EC /* Debug */,
				3FD5DCAF1C2CFE6D000B38EC /* Release */,
			);
			defaultConfigurationIsVisible = 0;
			defaultConfigurationName = Release;
		};
		3FD5DCB01C2CFE6D000B38EC /* Build configuration list for PBXNativeTarget "iSeen" */ = {
			isa = XCConfigurationList;
			buildConfigurations = (
				3FD5DCB11C2CFE6D000B38EC /* Debug */,
				3FD5DCB21C2CFE6D000B38EC /* Release */,
			);
			defaultConfigurationIsVisible = 0;
			defaultConfigurationName = Release;
		};
		3FD5DCB31C2CFE6D000B38EC /* Build configuration list for PBXNativeTarget "iSeenTests" */ = {
			isa = XCConfigurationList;
			buildConfigurations = (
				3FD5DCB41C2CFE6D000B38EC /* Debug */,
				3FD5DCB51C2CFE6D000B38EC /* Release */,
			);
			defaultConfigurationIsVisible = 0;
			defaultConfigurationName = Release;
		};
		3FD5DCB61C2CFE6D000B38EC /* Build configuration list for PBXNativeTarget "iSeenUITests" */ = {
			isa = XCConfigurationList;
			buildConfigurations = (
				3FD5DCB71C2CFE6D000B38EC /* Debug */,
				3FD5DCB81C2CFE6D000B38EC /* Release */,
			);
			defaultConfigurationIsVisible = 0;
			defaultConfigurationName = Release;
		};
/* End XCConfigurationList section */
	};
	rootObject = 3FD5DC7B1C2CFE6C000B38EC /* Project object */;
}
